
Microsoft Visual Studio Solution File, Format Version 12.00
# Visual Studio 15
VisualStudioVersion = 15.0.27130.2036
MinimumVisualStudioVersion = 10.0.40219.1
Project("{FAE04EC0-301F-11D3-BF4B-00C04F79EFBC}") = "NumberGuesserConsole", "NumberGuesserConsole\NumberGuesserConsole.csproj", "{AA53FD3F-7F87-4E43-97EE-9C6A94ECD31E}"
EndProject
Global
	GlobalSection(SolutionConfigurationPlatforms) = preSolution
		Debug|Any CPU = Debug|Any CPU
		Release|Any CPU = Release|Any CPU
	EndGlobalSection
	GlobalSection(ProjectConfigurationPlatforms) = postSolution
		{AA53FD3F-7F87-4E43-97EE-9C6A94ECD31E}.Debug|Any CPU.ActiveCfg = Debug|Any CPU
		{AA53FD3F-7F87-4E43-97EE-9C6A94ECD31E}.Debug|Any CPU.Build.0 = Debug|Any CPU
		{AA53FD3F-7F87-4E43-97EE-9C6A94ECD31E}.Release|Any CPU.ActiveCfg = Release|Any CPU
		{AA53FD3F-7F87-4E43-97EE-9C6A94ECD31E}.Release|Any CPU.Build.0 = Release|Any CPU
	EndGlobalSection
	GlobalSection(SolutionProperties) = preSolution
		HideSolutionNode = FALSE
	EndGlobalSection
	GlobalSection(ExtensibilityGlobals) = postSolution
		SolutionGuid = {3AA67FB2-1B8B-48ED-AF15-CA95A05EC10E}
	EndGlobalSection
EndGlobal
